
Microsoft Visual Studio Solution File, Format Version 12.00
# Visual Studio Version 17
VisualStudioVersion = 17.1.32210.238
MinimumVisualStudioVersion = 10.0.40219.1
Project("{888888A0-9F3D-457C-B088-3A5042F75D52}") = "AlgorithmicMusic", "AlgorithmicMusic.pyproj", "{B3AE72C2-412F-4D56-8A9D-A066D8F178C3}"
EndProject
Project("{FAE04EC0-301F-11D3-BF4B-00C04F79EFBC}") = "MidiCsvCompression", "MidiCsvCompression\MidiCsvCompression.csproj", "{7871814E-AFC6-4A2A-9238-9FC13FD17D21}"
EndProject
Project("{FAE04EC0-301F-11D3-BF4B-00C04F79EFBC}") = "MidiCsvCompWpf", "..\MidiCsvCompWpf\MidiCsvCompWpf.csproj", "{00E8F663-9EC4-4C8A-BE89-7D4C7D28C7CE}"
EndProject
Global
	GlobalSection(SolutionConfigurationPlatforms) = preSolution
		Debug|Any CPU = Debug|Any CPU
		Release|Any CPU = Release|Any CPU
	EndGlobalSection
	GlobalSection(ProjectConfigurationPlatforms) = postSolution
		{B3AE72C2-412F-4D56-8A9D-A066D8F178C3}.Debug|Any CPU.ActiveCfg = Debug|Any CPU
		{B3AE72C2-412F-4D56-8A9D-A066D8F178C3}.Release|Any CPU.ActiveCfg = Release|Any CPU
		{7871814E-AFC6-4A2A-9238-9FC13FD17D21}.Debug|Any CPU.ActiveCfg = Debug|Any CPU
		{7871814E-AFC6-4A2A-9238-9FC13FD17D21}.Debug|Any CPU.Build.0 = Debug|Any CPU
		{7871814E-AFC6-4A2A-9238-9FC13FD17D21}.Release|Any CPU.ActiveCfg = Release|Any CPU
		{7871814E-AFC6-4A2A-9238-9FC13FD17D21}.Release|Any CPU.Build.0 = Release|Any CPU
		{00E8F663-9EC4-4C8A-BE89-7D4C7D28C7CE}.Debug|Any CPU.ActiveCfg = Debug|Any CPU
		{00E8F663-9EC4-4C8A-BE89-7D4C7D28C7CE}.Debug|Any CPU.Build.0 = Debug|Any CPU
		{00E8F663-9EC4-4C8A-BE89-7D4C7D28C7CE}.Release|Any CPU.ActiveCfg = Release|Any CPU
		{00E8F663-9EC4-4C8A-BE89-7D4C7D28C7CE}.Release|Any CPU.Build.0 = Release|Any CPU
	EndGlobalSection
	GlobalSection(SolutionProperties) = preSolution
		HideSolutionNode = FALSE
	EndGlobalSection
	GlobalSection(ExtensibilityGlobals) = postSolution
		SolutionGuid = {36E526F6-CA06-4B18-ADE4-CF46DED0646A}
	EndGlobalSection
EndGlobal
